
Microsoft Visual Studio Solution File, Format Version 12.00
Project("{FAE04EC0-301F-11D3-BF4B-00C04F79EFBC}") = "Backend.Server.Database", "srcs\Backend.Server.Database\Backend.Server.Database.csproj", "{295C0CD0-24BA-47D4-A610-FD71A1AD0E2C}"
EndProject
Project("{FAE04EC0-301F-11D3-BF4B-00C04F79EFBC}") = "Backend.Api", "srcs\Backend.Api\Backend.Api.csproj", "{AA8CBFB1-0F90-40A7-9A13-C2C03E5497A3}"
EndProject
Project("{FAE04EC0-301F-11D3-BF4B-00C04F79EFBC}") = "Backend.Libs.Domain", "srcs\Backend.Libs.Domain\Backend.Libs.Domain.csproj", "{EBDA5C15-1D94-458E-87A6-136D84713F8B}"
EndProject
Project("{FAE04EC0-301F-11D3-BF4B-00C04F79EFBC}") = "Backend.Libs.Models", "srcs\Backend.Libs.Models\Backend.Libs.Models.csproj", "{7C3004B2-6318-4325-8EF8-74A957046F9A}"
EndProject
Project("{FAE04EC0-301F-11D3-BF4B-00C04F79EFBC}") = "Backend.Tests", "srcs\Backend.Tests\Backend.Tests.csproj", "{EA734DE6-6412-4AB3-A2B2-20FE6240ECDB}"
EndProject
Project("{2150E333-8FDC-42A3-9474-1A3956D46DE8}") = "Libs", "Libs", "{13D446E2-C869-40FB-A973-DC86BD8A9EC3}"
EndProject
Project("{FAE04EC0-301F-11D3-BF4B-00C04F79EFBC}") = "Backend.Libs.Security", "srcs\Backend.Libs.Security\Backend.Libs.Security.csproj", "{962A9C4D-FEE5-4E78-A7DD-B3A827FE8706}"
EndProject
Project("{FAE04EC0-301F-11D3-BF4B-00C04F79EFBC}") = "Backend.Libs.Cryptography", "srcs\Backend.Libs.Cryptography\Backend.Libs.Cryptography.csproj", "{CB7A9586-E718-45BE-88B0-145D0FA2F8B2}"
EndProject
Project("{FAE04EC0-301F-11D3-BF4B-00C04F79EFBC}") = "Backend.Libs.Redis", "srcs\Backend.Libs.Redis\Backend.Libs.Redis.csproj", "{C012E1D5-FBBE-4803-92AF-C4F34CE2493A}"
EndProject
Project("{FAE04EC0-301F-11D3-BF4B-00C04F79EFBC}") = "Backend.Libs.gRPC", "srcs\Backend.Libs.gRPC\Backend.Libs.gRPC.csproj", "{45607ED9-2F39-43DF-8232-34FBD23F6A55}"
EndProject
Project("{2150E333-8FDC-42A3-9474-1A3956D46DE8}") = "Executables", "Executables", "{1484B844-3DA7-4D6A-842E-7EE0C9AB6615}"
EndProject
Project("{2150E333-8FDC-42A3-9474-1A3956D46DE8}") = "Plugins", "Plugins", "{1E2215CA-C4AE-4338-B751-B4F84130A87E}"
EndProject
Project("{FAE04EC0-301F-11D3-BF4B-00C04F79EFBC}") = "Backend.Plugins.Database", "srcs\Backend.Plugins.Database\Backend.Plugins.Database.csproj", "{3C8CB6BC-8D79-468F-9AE6-12D52FCC334C}"
EndProject
Project("{FAE04EC0-301F-11D3-BF4B-00C04F79EFBC}") = "Backend.Libs.Database", "srcs\Backend.Libs.Database\Backend.Libs.Database.csproj", "{8D728F2E-9C7A-44CD-8D16-9F40CF14944E}"
EndProject
Project("{2150E333-8FDC-42A3-9474-1A3956D46DE8}") = "Workers", "Workers", "{9E7A8F3F-C561-4BED-A5E4-511B606247AF}"
EndProject
Project("{2150E333-8FDC-42A3-9474-1A3956D46DE8}") = "Testing", "Testing", "{214CCB47-6C64-49B8-B177-A370A04F0715}"
EndProject
Project("{FAE04EC0-301F-11D3-BF4B-00C04F79EFBC}") = "Backend.Api.Authentication", "srcs\Backend.Api.Authentication\Backend.Api.Authentication.csproj", "{A9D8DC55-C3B5-493E-9D9F-25D8FACC93A8}"
EndProject
Project("{FAE04EC0-301F-11D3-BF4B-00C04F79EFBC}") = "Backend.Libs.RabbitMQ", "srcs\Backend.Libs.RabbitMQ\Backend.Libs.RabbitMQ.csproj", "{6037E9C9-3CA1-42DD-82FF-B5C25BF06BD7}"
EndProject
Project("{FAE04EC0-301F-11D3-BF4B-00C04F79EFBC}") = "Backend.Server.RabbitMQ", "srcs\Backend.Server.RabbitMQ\Backend.Server.RabbitMQ.csproj", "{15358F50-4C81-4AEC-8A28-751FE28A814D}"
EndProject
Project("{FAE04EC0-301F-11D3-BF4B-00C04F79EFBC}") = "Backend.Plugins.RabbitMQ", "srcs\Backend.Plugins.RabbitMQ\Backend.Plugins.RabbitMQ.csproj", "{F4F98D08-0450-41E4-ACD0-A7478202F92D}"
EndProject
Project("{FAE04EC0-301F-11D3-BF4B-00C04F79EFBC}") = "Backend.Plugins.gRPC", "srcs\Backend.Plugins.gRPC\Backend.Plugins.gRPC.csproj", "{603A40B4-EC52-47CF-B16C-5CCF49DB1483}"
EndProject
Project("{FAE04EC0-301F-11D3-BF4B-00C04F79EFBC}") = "Backend.Plugins.Domain", "srcs\Backend.Plugins.Domain\Backend.Plugins.Domain.csproj", "{F0C6E522-90E9-4810-9C3D-876072DC7AA9}"
EndProject
Project("{FAE04EC0-301F-11D3-BF4B-00C04F79EFBC}") = "Backend.Api.Tests", "srcs\Backend.Api.Tests\Backend.Api.Tests.csproj", "{1DBBD565-A242-47A3-82AA-44824926462C}"
EndProject
Global
	GlobalSection(SolutionConfigurationPlatforms) = preSolution
		Debug|Any CPU = Debug|Any CPU
		Release|Any CPU = Release|Any CPU
	EndGlobalSection
	GlobalSection(ProjectConfigurationPlatforms) = postSolution
		{295C0CD0-24BA-47D4-A610-FD71A1AD0E2C}.Debug|Any CPU.ActiveCfg = Debug|Any CPU
		{295C0CD0-24BA-47D4-A610-FD71A1AD0E2C}.Debug|Any CPU.Build.0 = Debug|Any CPU
		{295C0CD0-24BA-47D4-A610-FD71A1AD0E2C}.Release|Any CPU.ActiveCfg = Release|Any CPU
		{295C0CD0-24BA-47D4-A610-FD71A1AD0E2C}.Release|Any CPU.Build.0 = Release|Any CPU
		{AA8CBFB1-0F90-40A7-9A13-C2C03E5497A3}.Debug|Any CPU.ActiveCfg = Debug|Any CPU
		{AA8CBFB1-0F90-40A7-9A13-C2C03E5497A3}.Debug|Any CPU.Build.0 = Debug|Any CPU
		{AA8CBFB1-0F90-40A7-9A13-C2C03E5497A3}.Release|Any CPU.ActiveCfg = Release|Any CPU
		{AA8CBFB1-0F90-40A7-9A13-C2C03E5497A3}.Release|Any CPU.Build.0 = Release|Any CPU
		{EBDA5C15-1D94-458E-87A6-136D84713F8B}.Debug|Any CPU.ActiveCfg = Debug|Any CPU
		{EBDA5C15-1D94-458E-87A6-136D84713F8B}.Debug|Any CPU.Build.0 = Debug|Any CPU
		{EBDA5C15-1D94-458E-87A6-136D84713F8B}.Release|Any CPU.ActiveCfg = Release|Any CPU
		{EBDA5C15-1D94-458E-87A6-136D84713F8B}.Release|Any CPU.Build.0 = Release|Any CPU
		{7C3004B2-6318-4325-8EF8-74A957046F9A}.Debug|Any CPU.ActiveCfg = Debug|Any CPU
		{7C3004B2-6318-4325-8EF8-74A957046F9A}.Debug|Any CPU.Build.0 = Debug|Any CPU
		{7C3004B2-6318-4325-8EF8-74A957046F9A}.Release|Any CPU.ActiveCfg = Release|Any CPU
		{7C3004B2-6318-4325-8EF8-74A957046F9A}.Release|Any CPU.Build.0 = Release|Any CPU
		{EA734DE6-6412-4AB3-A2B2-20FE6240ECDB}.Debug|Any CPU.ActiveCfg = Debug|Any CPU
		{EA734DE6-6412-4AB3-A2B2-20FE6240ECDB}.Debug|Any CPU.Build.0 = Debug|Any CPU
		{EA734DE6-6412-4AB3-A2B2-20FE6240ECDB}.Release|Any CPU.ActiveCfg = Release|Any CPU
		{EA734DE6-6412-4AB3-A2B2-20FE6240ECDB}.Release|Any CPU.Build.0 = Release|Any CPU
		{962A9C4D-FEE5-4E78-A7DD-B3A827FE8706}.Debug|Any CPU.ActiveCfg = Debug|Any CPU
		{962A9C4D-FEE5-4E78-A7DD-B3A827FE8706}.Debug|Any CPU.Build.0 = Debug|Any CPU
		{962A9C4D-FEE5-4E78-A7DD-B3A827FE8706}.Release|Any CPU.ActiveCfg = Release|Any CPU
		{962A9C4D-FEE5-4E78-A7DD-B3A827FE8706}.Release|Any CPU.Build.0 = Release|Any CPU
		{CB7A9586-E718-45BE-88B0-145D0FA2F8B2}.Debug|Any CPU.ActiveCfg = Debug|Any CPU
		{CB7A9586-E718-45BE-88B0-145D0FA2F8B2}.Debug|Any CPU.Build.0 = Debug|Any CPU
		{CB7A9586-E718-45BE-88B0-145D0FA2F8B2}.Release|Any CPU.ActiveCfg = Release|Any CPU
		{CB7A9586-E718-45BE-88B0-145D0FA2F8B2}.Release|Any CPU.Build.0 = Release|Any CPU
		{C012E1D5-FBBE-4803-92AF-C4F34CE2493A}.Debug|Any CPU.ActiveCfg = Debug|Any CPU
		{C012E1D5-FBBE-4803-92AF-C4F34CE2493A}.Debug|Any CPU.Build.0 = Debug|Any CPU
		{C012E1D5-FBBE-4803-92AF-C4F34CE2493A}.Release|Any CPU.ActiveCfg = Release|Any CPU
		{C012E1D5-FBBE-4803-92AF-C4F34CE2493A}.Release|Any CPU.Build.0 = Release|Any CPU
		{45607ED9-2F39-43DF-8232-34FBD23F6A55}.Debug|Any CPU.ActiveCfg = Debug|Any CPU
		{45607ED9-2F39-43DF-8232-34FBD23F6A55}.Debug|Any CPU.Build.0 = Debug|Any CPU
		{45607ED9-2F39-43DF-8232-34FBD23F6A55}.Release|Any CPU.ActiveCfg = Release|Any CPU
		{45607ED9-2F39-43DF-8232-34FBD23F6A55}.Release|Any CPU.Build.0 = Release|Any CPU
		{3C8CB6BC-8D79-468F-9AE6-12D52FCC334C}.Debug|Any CPU.ActiveCfg = Debug|Any CPU
		{3C8CB6BC-8D79-468F-9AE6-12D52FCC334C}.Debug|Any CPU.Build.0 = Debug|Any CPU
		{3C8CB6BC-8D79-468F-9AE6-12D52FCC334C}.Release|Any CPU.ActiveCfg = Release|Any CPU
		{3C8CB6BC-8D79-468F-9AE6-12D52FCC334C}.Release|Any CPU.Build.0 = Release|Any CPU
		{8D728F2E-9C7A-44CD-8D16-9F40CF14944E}.Debug|Any CPU.ActiveCfg = Debug|Any CPU
		{8D728F2E-9C7A-44CD-8D16-9F40CF14944E}.Debug|Any CPU.Build.0 = Debug|Any CPU
		{8D728F2E-9C7A-44CD-8D16-9F40CF14944E}.Release|Any CPU.ActiveCfg = Release|Any CPU
		{8D728F2E-9C7A-44CD-8D16-9F40CF14944E}.Release|Any CPU.Build.0 = Release|Any CPU
		{A9D8DC55-C3B5-493E-9D9F-25D8FACC93A8}.Debug|Any CPU.ActiveCfg = Debug|Any CPU
		{A9D8DC55-C3B5-493E-9D9F-25D8FACC93A8}.Debug|Any CPU.Build.0 = Debug|Any CPU
		{A9D8DC55-C3B5-493E-9D9F-25D8FACC93A8}.Release|Any CPU.ActiveCfg = Release|Any CPU
		{A9D8DC55-C3B5-493E-9D9F-25D8FACC93A8}.Release|Any CPU.Build.0 = Release|Any CPU
		{6037E9C9-3CA1-42DD-82FF-B5C25BF06BD7}.Debug|Any CPU.ActiveCfg = Debug|Any CPU
		{6037E9C9-3CA1-42DD-82FF-B5C25BF06BD7}.Debug|Any CPU.Build.0 = Debug|Any CPU
		{6037E9C9-3CA1-42DD-82FF-B5C25BF06BD7}.Release|Any CPU.ActiveCfg = Release|Any CPU
		{6037E9C9-3CA1-42DD-82FF-B5C25BF06BD7}.Release|Any CPU.Build.0 = Release|Any CPU
		{15358F50-4C81-4AEC-8A28-751FE28A814D}.Debug|Any CPU.ActiveCfg = Debug|Any CPU
		{15358F50-4C81-4AEC-8A28-751FE28A814D}.Debug|Any CPU.Build.0 = Debug|Any CPU
		{15358F50-4C81-4AEC-8A28-751FE28A814D}.Release|Any CPU.ActiveCfg = Release|Any CPU
		{15358F50-4C81-4AEC-8A28-751FE28A814D}.Release|Any CPU.Build.0 = Release|Any CPU
		{F4F98D08-0450-41E4-ACD0-A7478202F92D}.Debug|Any CPU.ActiveCfg = Debug|Any CPU
		{F4F98D08-0450-41E4-ACD0-A7478202F92D}.Debug|Any CPU.Build.0 = Debug|Any CPU
		{F4F98D08-0450-41E4-ACD0-A7478202F92D}.Release|Any CPU.ActiveCfg = Release|Any CPU
		{F4F98D08-0450-41E4-ACD0-A7478202F92D}.Release|Any CPU.Build.0 = Release|Any CPU
		{603A40B4-EC52-47CF-B16C-5CCF49DB1483}.Debug|Any CPU.ActiveCfg = Debug|Any CPU
		{603A40B4-EC52-47CF-B16C-5CCF49DB1483}.Debug|Any CPU.Build.0 = Debug|Any CPU
		{603A40B4-EC52-47CF-B16C-5CCF49DB1483}.Release|Any CPU.ActiveCfg = Release|Any CPU
		{603A40B4-EC52-47CF-B16C-5CCF49DB1483}.Release|Any CPU.Build.0 = Release|Any CPU
		{F0C6E522-90E9-4810-9C3D-876072DC7AA9}.Debug|Any CPU.ActiveCfg = Debug|Any CPU
		{F0C6E522-90E9-4810-9C3D-876072DC7AA9}.Debug|Any CPU.Build.0 = Debug|Any CPU
		{F0C6E522-90E9-4810-9C3D-876072DC7AA9}.Release|Any CPU.ActiveCfg = Release|Any CPU
		{F0C6E522-90E9-4810-9C3D-876072DC7AA9}.Release|Any CPU.Build.0 = Release|Any CPU
		{1DBBD565-A242-47A3-82AA-44824926462C}.Debug|Any CPU.ActiveCfg = Debug|Any CPU
		{1DBBD565-A242-47A3-82AA-44824926462C}.Debug|Any CPU.Build.0 = Debug|Any CPU
		{1DBBD565-A242-47A3-82AA-44824926462C}.Release|Any CPU.ActiveCfg = Release|Any CPU
		{1DBBD565-A242-47A3-82AA-44824926462C}.Release|Any CPU.Build.0 = Release|Any CPU
	EndGlobalSection
	GlobalSection(NestedProjects) = preSolution
		{962A9C4D-FEE5-4E78-A7DD-B3A827FE8706} = {13D446E2-C869-40FB-A973-DC86BD8A9EC3}
		{CB7A9586-E718-45BE-88B0-145D0FA2F8B2} = {13D446E2-C869-40FB-A973-DC86BD8A9EC3}
		{C012E1D5-FBBE-4803-92AF-C4F34CE2493A} = {13D446E2-C869-40FB-A973-DC86BD8A9EC3}
		{45607ED9-2F39-43DF-8232-34FBD23F6A55} = {13D446E2-C869-40FB-A973-DC86BD8A9EC3}
		{AA8CBFB1-0F90-40A7-9A13-C2C03E5497A3} = {1484B844-3DA7-4D6A-842E-7EE0C9AB6615}
		{295C0CD0-24BA-47D4-A610-FD71A1AD0E2C} = {1484B844-3DA7-4D6A-842E-7EE0C9AB6615}
		{3C8CB6BC-8D79-468F-9AE6-12D52FCC334C} = {1E2215CA-C4AE-4338-B751-B4F84130A87E}
		{8D728F2E-9C7A-44CD-8D16-9F40CF14944E} = {13D446E2-C869-40FB-A973-DC86BD8A9EC3}
		{7C3004B2-6318-4325-8EF8-74A957046F9A} = {13D446E2-C869-40FB-A973-DC86BD8A9EC3}
		{EBDA5C15-1D94-458E-87A6-136D84713F8B} = {13D446E2-C869-40FB-A973-DC86BD8A9EC3}
		{EA734DE6-6412-4AB3-A2B2-20FE6240ECDB} = {214CCB47-6C64-49B8-B177-A370A04F0715}
		{A9D8DC55-C3B5-493E-9D9F-25D8FACC93A8} = {1484B844-3DA7-4D6A-842E-7EE0C9AB6615}
		{6037E9C9-3CA1-42DD-82FF-B5C25BF06BD7} = {13D446E2-C869-40FB-A973-DC86BD8A9EC3}
		{15358F50-4C81-4AEC-8A28-751FE28A814D} = {1484B844-3DA7-4D6A-842E-7EE0C9AB6615}
		{F4F98D08-0450-41E4-ACD0-A7478202F92D} = {1E2215CA-C4AE-4338-B751-B4F84130A87E}
		{603A40B4-EC52-47CF-B16C-5CCF49DB1483} = {1E2215CA-C4AE-4338-B751-B4F84130A87E}
		{F0C6E522-90E9-4810-9C3D-876072DC7AA9} = {1E2215CA-C4AE-4338-B751-B4F84130A87E}
		{1DBBD565-A242-47A3-82AA-44824926462C} = {1484B844-3DA7-4D6A-842E-7EE0C9AB6615}
	EndGlobalSection
EndGlobal
